// !$*UTF8*$!
{
	archiveVersion = 1;
	classes = {
	};
	objectVersion = 50;
	objects = {

/* Begin PBXBuildFile section */
		33FCD0C82200326F00F9FABE /* AppDelegate.swift in Sources */ = {isa = PBXBuildFile; fileRef = 33FCD0C72200326F00F9FABE /* AppDelegate.swift */; };
		33FCD0CA2200326F00F9FABE /* ViewController.swift in Sources */ = {isa = PBXBuildFile; fileRef = 33FCD0C92200326F00F9FABE /* ViewController.swift */; };
		33FCD0CD2200326F00F9FABE /* Main.storyboard in Resources */ = {isa = PBXBuildFile; fileRef = 33FCD0CB2200326F00F9FABE /* Main.storyboard */; };
		33FCD0CF2200327200F9FABE /* Assets.xcassets in Resources */ = {isa = PBXBuildFile; fileRef = 33FCD0CE2200327200F9FABE /* Assets.xcassets */; };
		33FCD0D22200327200F9FABE /* LaunchScreen.storyboard in Resources */ = {isa = PBXBuildFile; fileRef = 33FCD0D02200327200F9FABE /* LaunchScreen.storyboard */; };
		33FCD0DA22003C6C00F9FABE /* view.jpg in Resources */ = {isa = PBXBuildFile; fileRef = 33FCD0D922003C6C00F9FABE /* view.jpg */; };
/* End PBXBuildFile section */

/* Begin PBXFileReference section */
		33FCD0C42200326F00F9FABE /* HelloImageView.app */ = {isa = PBXFileReference; explicitFileType = wrapper.application; includeInIndex = 0; path = HelloImageView.app; sourceTree = BUILT_PRODUCTS_DIR; };
		33FCD0C72200326F00F9FABE /* AppDelegate.swift */ = {isa = PBXFileReference; lastKnownFileType = sourcecode.swift; path = AppDelegate.swift; sourceTree = "<group>"; };
		33FCD0C92200326F00F9FABE /* ViewController.swift */ = {isa = PBXFileReference; lastKnownFileType = sourcecode.swift; path = ViewController.swift; sourceTree = "<group>"; };
		33FCD0CC2200326F00F9FABE /* Base */ = {isa = PBXFileReference; lastKnownFileType = file.storyboard; name = Base; path = Base.lproj/Main.storyboard; sourceTree = "<group>"; };
		33FCD0CE2200327200F9FABE /* Assets.xcassets */ = {isa = PBXFileReference; lastKnownFileType = folder.assetcatalog; path = Assets.xcassets; sourceTree = "<group>"; };
		33FCD0D12200327200F9FABE /* Base */ = {isa = PBXFileReference; lastKnownFileType = file.storyboard; name = Base; path = Base.lproj/LaunchScreen.storyboard; sourceTree = "<group>"; };
		33FCD0D32200327200F9FABE /* Info.plist */ = {isa = PBXFileReference; lastKnownFileType = text.plist.xml; path = Info.plist; sourceTree = "<group>"; };
		33FCD0D922003C6C00F9FABE /* view.jpg */ = {isa = PBXFileReference; lastKnownFileType = image.jpeg; path = view.jpg; sourceTree = "<group>"; };
/* End PBXFileReference section */

/* Begin PBXFrameworksBuildPhase section */
		33FCD0C12200326F00F9FABE /* Frameworks */ = {
			isa = PBXFrameworksBuildPhase;
			buildActionMask = 2147483647;
			files = (
			);
			runOnlyForDeploymentPostprocessing = 0;
		};
/* End PBXFrameworksBuildPhase section */

/* Begin PBXGroup section */
		33FCD0BB2200326F00F9FABE = {
			isa = PBXGroup;
			children = (
				33FCD0C62200326F00F9FABE /* HelloImageView */,
				33FCD0C52200326F00F9FABE /* Products */,
			);
			sourceTree = "<group>";
		};
		33FCD0C52200326F00F9FABE /* Products */ = {
			isa = PBXGroup;
			children = (
				33FCD0C42200326F00F9FABE /* HelloImageView.app */,
			);
			name = Products;
			sourceTree = "<group>";
		};
		33FCD0C62200326F00F9FABE /* HelloImageView */ = {
			isa = PBXGroup;
			children = (
				33FCD0D922003C6C00F9FABE /* view.jpg */,
				33FCD0C72200326F00F9FABE /* AppDelegate.swift */,
				33FCD0C92200326F00F9FABE /* ViewController.swift */,
				33FCD0CB2200326F00F9FABE /* Main.storyboard */,
				33FCD0CE2200327200F9FABE /* Assets.xcassets */,
				33FCD0D02200327200F9FABE /* LaunchScreen.storyboard */,
				33FCD0D32200327200F9FABE /* Info.plist */,
			);
			path = HelloImageView;
			sourceTree = "<group>";
		};
/* End PBXGroup section */

/* Begin PBXNativeTarget section */
		33FCD0C32200326F00F9FABE /* HelloImageView */ = {
			isa = PBXNativeTarget;
			buildConfigurationList = 33FCD0D62200327200F9FABE /* Build configuration list for PBXNativeTarget "HelloImageView" */;
			buildPhases = (
				33FCD0C02200326F00F9FABE /* Sources */,
				33FCD0C12200326F00F9FABE /* Frameworks */,
				33FCD0C22200326F00F9FABE /* Resources */,
			);
			buildRules = (
			);
			dependencies = (
			);
			name = HelloImageView;
			productName = HelloImageView;
			productReference = 33FCD0C42200326F00F9FABE /* HelloImageView.app */;
			productType = "com.apple.product-type.application";
		};
/* End PBXNativeTarget section */

/* Begin PBXProject section */
		33FCD0BC2200326F00F9FABE /* Project object */ = {
			isa = PBXProject;
			attributes = {
				LastSwiftUpdateCheck = 1000;
				LastUpgradeCheck = 1000;
				ORGANIZATIONNAME = "PT. Langit Biru Arjuna";
				TargetAttributes = {
					33FCD0C32200326F00F9FABE = {
						CreatedOnToolsVersion = 10.0;
					};
				};
			};
			buildConfigurationList = 33FCD0BF2200326F00F9FABE /* Build configuration list for PBXProject "HelloImageView" */;
			compatibilityVersion = "Xcode 9.3";
			developmentRegion = en;
			hasScannedForEncodings = 0;
			knownRegions = (
				en,
				Base,
			);
			mainGroup = 33FCD0BB2200326F00F9FABE;
			productRefGroup = 33FCD0C52200326F00F9FABE /* Products */;
			projectDirPath = "";
			projectRoot = "";
			targets = (
				33FCD0C32200326F00F9FABE /* HelloImageView */,
			);
		};
/* End PBXProject section */

/* Begin PBXResourcesBuildPhase section */
		33FCD0C22200326F00F9FABE /* Resources */ = {
			isa = PBXResourcesBuildPhase;
			buildActionMask = 2147483647;
			files = (
				33FCD0D22200327200F9FABE /* LaunchScreen.storyboard in Resources */,
				33FCD0CF2200327200F9FABE /* Assets.xcassets in Resources */,
				33FCD0DA22003C6C00F9FABE /* view.jpg in Resources */,
				33FCD0CD2200326F00F9FABE /* Main.storyboard in Resources */,
			);
			runOnlyForDeploymentPostprocessing = 0;
		};
/* End PBXResourcesBuildPhase section */

/* Begin PBXSourcesBuildPhase section */
		33FCD0C02200326F00F9FABE /* Sources */ = {
			isa = PBXSourcesBuildPhase;
			buildActionMask = 2147483647;
			files = (
				33FCD0CA2200326F00F9FABE /* ViewController.swift in Sources */,
				33FCD0C82200326F00F9FABE /* AppDelegate.swift in Sources */,
			);
			runOnlyForDeploymentPostprocessing = 0;
		};
/* End PBXSourcesBuildPhase section */

/* Begin PBXVariantGroup section */
		33FCD0CB2200326F00F9FABE /* Main.storyboard */ = {
			isa = PBXVariantGroup;
			children = (
				33FCD0CC2200326F00F9FABE /* Base */,
			);
			name = Main.storyboard;
			sourceTree = "<group>";
		};
		33FCD0D02200327200F9FABE /* LaunchScreen.storyboard */ = {
			isa = PBXVariantGroup;
			children = (
				33FCD0D12200327200F9FABE /* Base */,
			);
			name = LaunchScreen.storyboard;
			sourceTree = "<group>";
		};
/* End PBXVariantGroup section */

/* Begin XCBuildConfiguration section */
		33FCD0D42200327200F9FABE /* Debug */ = {
			isa = XCBuildConfiguration;
			buildSettings = {
				ALWAYS_SEARCH_USER_PATHS = NO;
				CLANG_ANALYZER_NONNULL = YES;
				CLANG_ANALYZER_NUMBER_OBJECT_CONVERSION = YES_AGGRESSIVE;
				CLANG_CXX_LANGUAGE_STANDARD = "gnu++14";
				CLANG_CXX_LIBRARY = "libc++";
				CLANG_ENABLE_MODULES = YES;
				CLANG_ENABLE_OBJC_ARC = YES;
				CLANG_ENABLE_OBJC_WEAK = YES;
				CLANG_WARN_BLOCK_CAPTURE_AUTORELEASING = YES;
				CLANG_WARN_BOOL_CONVERSION = YES;
				CLANG_WARN_COMMA = YES;
				CLANG_WARN_CONSTANT_CONVERSION = YES;
				CLANG_WARN_DEPRECATED_OBJC_IMPLEMENTATIONS = YES;
				CLANG_WARN_DIRECT_OBJC_ISA_USAGE = YES_ERROR;
				CLANG_WARN_DOCUMENTATION_COMMENTS = YES;
				CLANG_WARN_EMPTY_BODY = YES;
				CLANG_WARN_ENUM_CONVERSION = YES;
				CLANG_WARN_INFINITE_RECURSION = YES;
				CLANG_WARN_INT_CONVERSION = YES;
				CLANG_WARN_NON_LITERAL_NULL_CONVERSION = YES;
				CLANG_WARN_OBJC_IMPLICIT_RETAIN_SELF = YES;
				CLANG_WARN_OBJC_LITERAL_CONVERSION = YES;
				CLANG_WARN_OBJC_ROOT_CLASS = YES_ERROR;
				CLANG_WARN_RANGE_LOOP_ANALYSIS = YES;
				CLANG_WARN_STRICT_PROTOTYPES = YES;
				CLANG_WARN_SUSPICIOUS_MOVE = YES;
				CLANG_WARN_UNGUARDED_AVAILABILITY = YES_AGGRESSIVE;
				CLANG_WARN_UNREACHABLE_CODE = YES;
				CLANG_WARN__DUPLICATE_METHOD_MATCH = YES;
				CODE_SIGN_IDENTITY = "iPhone Developer";
				COPY_PHASE_STRIP = NO;
				DEBUG_INFORMATION_FORMAT = dwarf;
				ENABLE_STRICT_OBJC_MSGSEND = YES;
				ENABLE_TESTABILITY = YES;
				GCC_C_LANGUAGE_STANDARD = gnu11;
				GCC_DYNAMIC_NO_PIC = NO;
				GCC_NO_COMMON_BLOCKS = YES;
				GCC_OPTIMIZATION_LEVEL = 0;
				GCC_PREPROCESSOR_DEFINITIONS = (
					"DEBUG=1",
					"$(inherited)",
				);
				GCC_WARN_64_TO_32_BIT_CONVERSION = YES;
				GCC_WARN_ABOUT_RETURN_TYPE = YES_ERROR;
				GCC_WARN_UNDECLARED_SELECTOR = YES;
				GCC_WARN_UNINITIALIZED_AUTOS = YES_AGGRESSIVE;
				GCC_WARN_UNUSED_FUNCTION = YES;
				GCC_WARN_UNUSED_VARIABLE = YES;
				IPHONEOS_DEPLOYMENT_TARGET = 12.0;
				MTL_ENABLE_DEBUG_INFO = INCLUDE_SOURCE;
				MTL_FAST_MATH = YES;
				ONLY_ACTIVE_ARCH = YES;
				SDKROOT = iphoneos;
				SWIFT_ACTIVE_COMPILATION_CONDITIONS = DEBUG;
				SWIFT_OPTIMIZATION_LEVEL = "-Onone";
			};
			name = Debug;
		};
		33FCD0D52200327200F9FABE /* Release */ = {
			isa = XCBuildConfiguration;
			buildSettings = {
				ALWAYS_SEARCH_USER_PATHS = NO;
				CLANG_ANALYZER_NONNULL = YES;
				CLANG_ANALYZER_NUMBER_OBJECT_CONVERSION = YES_AGGRESSIVE;
				CLANG_CXX_LANGUAGE_STANDARD = "gnu++14";
				CLANG_CXX_LIBRARY = "libc++";
				CLANG_ENABLE_MODULES = YES;
				CLANG_ENABLE_OBJC_ARC = YES;
				CLANG_ENABLE_OBJC_WEAK = YES;
				CLANG_WARN_BLOCK_CAPTURE_AUTORELEASING = YES;
				CLANG_WARN_BOOL_CONVERSION = YES;
				CLANG_WARN_COMMA = YES;
				CLANG_WARN_CONSTANT_CONVERSION = YES;
				CLANG_WARN_DEPRECATED_OBJC_IMPLEMENTATIONS = YES;
				CLANG_WARN_DIRECT_OBJC_ISA_USAGE = YES_ERROR;
				CLANG_WARN_DOCUMENTATION_COMMENTS = YES;
				CLANG_WARN_EMPTY_BODY = YES;
				CLANG_WARN_ENUM_CONVERSION = YES;
				CLANG_WARN_INFINITE_RECURSION = YES;
				CLANG_WARN_INT_CONVERSION = YES;
				CLANG_WARN_NON_LITERAL_NULL_CONVERSION = YES;
				CLANG_WARN_OBJC_IMPLICIT_RETAIN_SELF = YES;
				CLANG_WARN_OBJC_LITERAL_CONVERSION = YES;
				CLANG_WARN_OBJC_ROOT_CLASS = YES_ERROR;
				CLANG_WARN_RANGE_LOOP_ANALYSIS = YES;
				CLANG_WARN_STRICT_PROTOTYPES = YES;
				CLANG_WARN_SUSPICIOUS_MOVE = YES;
				CLANG_WARN_UNGUARDED_AVAILABILITY = YES_AGGRESSIVE;
				CLANG_WARN_UNREACHABLE_CODE = YES;
				CLANG_WARN__DUPLICATE_METHOD_MATCH = YES;
				CODE_SIGN_IDENTITY = "iPhone Developer";
				COPY_PHASE_STRIP = NO;
				DEBUG_INFORMATION_FORMAT = "dwarf-with-dsym";
				ENABLE_NS_ASSERTIONS = NO;
				ENABLE_STRICT_OBJC_MSGSEND = YES;
				GCC_C_LANGUAGE_STANDARD = gnu11;
				GCC_NO_COMMON_BLOCKS = YES;
				GCC_WARN_64_TO_32_BIT_CONVERSION = YES;
				GCC_WARN_ABOUT_RETURN_TYPE = YES_ERROR;
				GCC_WARN_UNDECLARED_SELECTOR = YES;
				GCC_WARN_UNINITIALIZED_AUTOS = YES_AGGRESSIVE;
				GCC_WARN_UNUSED_FUNCTION = YES;
				GCC_WARN_UNUSED_VARIABLE = YES;
				IPHONEOS_DEPLOYMENT_TARGET = 12.0;
				MTL_ENABLE_DEBUG_INFO = NO;
				MTL_FAST_MATH = YES;
				SDKROOT = iphoneos;
				SWIFT_COMPILATION_MODE = wholemodule;
				SWIFT_OPTIMIZATION_LEVEL = "-O";
				VALIDATE_PRODUCT = YES;
			};
			name = Release;
		};
		33FCD0D72200327200F9FABE /* Debug */ = {
			isa = XCBuildConfiguration;
			buildSettings = {
				ASSETCATALOG_COMPILER_APPICON_NAME = AppIcon;
				CODE_SIGN_STYLE = Automatic;
				DEVELOPMENT_TEAM = 73SMSGZXYY;
				INFOPLIST_FILE = HelloImageView/Info.plist;
				LD_RUNPATH_SEARCH_PATHS = (
					"$(inherited)",
					"@executable_path/Frameworks",
				);
				PRODUCT_BUNDLE_IDENTIFIER = co.id.langitbiruarjuna.HelloImageView;
				PRODUCT_NAME = "$(TARGET_NAME)";
				SWIFT_VERSION = 4.2;
				TARGETED_DEVICE_FAMILY = "1,2";
			};
			name = Debug;
		};
		33FCD0D82200327200F9FABE /* Release */ = {
			isa = XCBuildConfiguration;
			buildSettings = {
				ASSETCATALOG_COMPILER_APPICON_NAME = AppIcon;
				CODE_SIGN_STYLE = Automatic;
				DEVELOPMENT_TEAM = 73SMSGZXYY;
				INFOPLIST_FILE = HelloImageView/Info.plist;
				LD_RUNPATH_SEARCH_PATHS = (
					"$(inherited)",
					"@executable_path/Frameworks",
				);
				PRODUCT_BUNDLE_IDENTIFIER = co.id.langitbiruarjuna.HelloImageView;
				PRODUCT_NAME = "$(TARGET_NAME)";
				SWIFT_VERSION = 4.2;
				TARGETED_DEVICE_FAMILY = "1,2";
			};
			name = Release;
		};
/* End XCBuildConfiguration section */

/* Begin XCConfigurationList section */
		33FCD0BF2200326F00F9FABE /* Build configuration list for PBXProject "HelloImageView" */ = {
			isa = XCConfigurationList;
			buildConfigurations = (
				33FCD0D42200327200F9FABE /* Debug */,
				33FCD0D52200327200F9FABE /* Release */,
			);
			defaultConfigurationIsVisible = 0;
			defaultConfigurationName = Release;
		};
		33FCD0D62200327200F9FABE /* Build configuration list for PBXNativeTarget "HelloImageView" */ = {
			isa = XCConfigurationList;
			buildConfigurations = (
				33FCD0D72200327200F9FABE /* Debug */,
				33FCD0D82200327200F9FABE /* Release */,
			);
			defaultConfigurationIsVisible = 0;
			defaultConfigurationName = Release;
		};
/* End XCConfigurationList section */
	};
	rootObject = 33FCD0BC2200326F00F9FABE /* Project object */;
}
