// !$*UTF8*$!
{
	archiveVersion = 1;
	classes = {
	};
	objectVersion = 50;
	objects = {

/* Begin PBXBuildFile section */
		3395E4C321EDDC7800DB14EF /* AppDelegate.swift in Sources */ = {isa = PBXBuildFile; fileRef = 3395E4C221EDDC7800DB14EF /* AppDelegate.swift */; };
		3395E4C521EDDC7800DB14EF /* ViewController.swift in Sources */ = {isa = PBXBuildFile; fileRef = 3395E4C421EDDC7800DB14EF /* ViewController.swift */; };
		3395E4C821EDDC7800DB14EF /* Main.storyboard in Resources */ = {isa = PBXBuildFile; fileRef = 3395E4C621EDDC7800DB14EF /* Main.storyboard */; };
		3395E4CA21EDDC7E00DB14EF /* Assets.xcassets in Resources */ = {isa = PBXBuildFile; fileRef = 3395E4C921EDDC7E00DB14EF /* Assets.xcassets */; };
		3395E4CD21EDDC7E00DB14EF /* LaunchScreen.storyboard in Resources */ = {isa = PBXBuildFile; fileRef = 3395E4CB21EDDC7E00DB14EF /* LaunchScreen.storyboard */; };
		3395E4D521EDDD6800DB14EF /* MyView.swift in Sources */ = {isa = PBXBuildFile; fileRef = 3395E4D421EDDD6800DB14EF /* MyView.swift */; };
/* End PBXBuildFile section */

/* Begin PBXFileReference section */
		3395E4BF21EDDC7700DB14EF /* HelloLayout.app */ = {isa = PBXFileReference; explicitFileType = wrapper.application; includeInIndex = 0; path = HelloLayout.app; sourceTree = BUILT_PRODUCTS_DIR; };
		3395E4C221EDDC7800DB14EF /* AppDelegate.swift */ = {isa = PBXFileReference; lastKnownFileType = sourcecode.swift; path = AppDelegate.swift; sourceTree = "<group>"; };
		3395E4C421EDDC7800DB14EF /* ViewController.swift */ = {isa = PBXFileReference; lastKnownFileType = sourcecode.swift; path = ViewController.swift; sourceTree = "<group>"; };
		3395E4C721EDDC7800DB14EF /* Base */ = {isa = PBXFileReference; lastKnownFileType = file.storyboard; name = Base; path = Base.lproj/Main.storyboard; sourceTree = "<group>"; };
		3395E4C921EDDC7E00DB14EF /* Assets.xcassets */ = {isa = PBXFileReference; lastKnownFileType = folder.assetcatalog; path = Assets.xcassets; sourceTree = "<group>"; };
		3395E4CC21EDDC7E00DB14EF /* Base */ = {isa = PBXFileReference; lastKnownFileType = file.storyboard; name = Base; path = Base.lproj/LaunchScreen.storyboard; sourceTree = "<group>"; };
		3395E4CE21EDDC7E00DB14EF /* Info.plist */ = {isa = PBXFileReference; lastKnownFileType = text.plist.xml; path = Info.plist; sourceTree = "<group>"; };
		3395E4D421EDDD6800DB14EF /* MyView.swift */ = {isa = PBXFileReference; lastKnownFileType = sourcecode.swift; path = MyView.swift; sourceTree = "<group>"; };
/* End PBXFileReference section */

/* Begin PBXFrameworksBuildPhase section */
		3395E4BC21EDDC7700DB14EF /* Frameworks */ = {
			isa = PBXFrameworksBuildPhase;
			buildActionMask = 2147483647;
			files = (
			);
			runOnlyForDeploymentPostprocessing = 0;
		};
/* End PBXFrameworksBuildPhase section */

/* Begin PBXGroup section */
		3395E4B621EDDC7700DB14EF = {
			isa = PBXGroup;
			children = (
				3395E4C121EDDC7800DB14EF /* HelloLayout */,
				3395E4C021EDDC7700DB14EF /* Products */,
			);
			sourceTree = "<group>";
		};
		3395E4C021EDDC7700DB14EF /* Products */ = {
			isa = PBXGroup;
			children = (
				3395E4BF21EDDC7700DB14EF /* HelloLayout.app */,
			);
			name = Products;
			sourceTree = "<group>";
		};
		3395E4C121EDDC7800DB14EF /* HelloLayout */ = {
			isa = PBXGroup;
			children = (
				3395E4C221EDDC7800DB14EF /* AppDelegate.swift */,
				3395E4C421EDDC7800DB14EF /* ViewController.swift */,
				3395E4D421EDDD6800DB14EF /* MyView.swift */,
				3395E4C621EDDC7800DB14EF /* Main.storyboard */,
				3395E4C921EDDC7E00DB14EF /* Assets.xcassets */,
				3395E4CB21EDDC7E00DB14EF /* LaunchScreen.storyboard */,
				3395E4CE21EDDC7E00DB14EF /* Info.plist */,
			);
			path = HelloLayout;
			sourceTree = "<group>";
		};
/* End PBXGroup section */

/* Begin PBXNativeTarget section */
		3395E4BE21EDDC7700DB14EF /* HelloLayout */ = {
			isa = PBXNativeTarget;
			buildConfigurationList = 3395E4D121EDDC7E00DB14EF /* Build configuration list for PBXNativeTarget "HelloLayout" */;
			buildPhases = (
				3395E4BB21EDDC7700DB14EF /* Sources */,
				3395E4BC21EDDC7700DB14EF /* Frameworks */,
				3395E4BD21EDDC7700DB14EF /* Resources */,
			);
			buildRules = (
			);
			dependencies = (
			);
			name = HelloLayout;
			productName = HelloLayout;
			productReference = 3395E4BF21EDDC7700DB14EF /* HelloLayout.app */;
			productType = "com.apple.product-type.application";
		};
/* End PBXNativeTarget section */

/* Begin PBXProject section */
		3395E4B721EDDC7700DB14EF /* Project object */ = {
			isa = PBXProject;
			attributes = {
				LastSwiftUpdateCheck = 1000;
				LastUpgradeCheck = 1000;
				ORGANIZATIONNAME = "PT. Langit Biru Arjuna";
				TargetAttributes = {
					3395E4BE21EDDC7700DB14EF = {
						CreatedOnToolsVersion = 10.0;
					};
				};
			};
			buildConfigurationList = 3395E4BA21EDDC7700DB14EF /* Build configuration list for PBXProject "HelloLayout" */;
			compatibilityVersion = "Xcode 9.3";
			developmentRegion = en;
			hasScannedForEncodings = 0;
			knownRegions = (
				en,
				Base,
			);
			mainGroup = 3395E4B621EDDC7700DB14EF;
			productRefGroup = 3395E4C021EDDC7700DB14EF /* Products */;
			projectDirPath = "";
			projectRoot = "";
			targets = (
				3395E4BE21EDDC7700DB14EF /* HelloLayout */,
			);
		};
/* End PBXProject section */

/* Begin PBXResourcesBuildPhase section */
		3395E4BD21EDDC7700DB14EF /* Resources */ = {
			isa = PBXResourcesBuildPhase;
			buildActionMask = 2147483647;
			files = (
				3395E4CD21EDDC7E00DB14EF /* LaunchScreen.storyboard in Resources */,
				3395E4CA21EDDC7E00DB14EF /* Assets.xcassets in Resources */,
				3395E4C821EDDC7800DB14EF /* Main.storyboard in Resources */,
			);
			runOnlyForDeploymentPostprocessing = 0;
		};
/* End PBXResourcesBuildPhase section */

/* Begin PBXSourcesBuildPhase section */
		3395E4BB21EDDC7700DB14EF /* Sources */ = {
			isa = PBXSourcesBuildPhase;
			buildActionMask = 2147483647;
			files = (
				3395E4D521EDDD6800DB14EF /* MyView.swift in Sources */,
				3395E4C521EDDC7800DB14EF /* ViewController.swift in Sources */,
				3395E4C321EDDC7800DB14EF /* AppDelegate.swift in Sources */,
			);
			runOnlyForDeploymentPostprocessing = 0;
		};
/* End PBXSourcesBuildPhase section */

/* Begin PBXVariantGroup section */
		3395E4C621EDDC7800DB14EF /* Main.storyboard */ = {
			isa = PBXVariantGroup;
			children = (
				3395E4C721EDDC7800DB14EF /* Base */,
			);
			name = Main.storyboard;
			sourceTree = "<group>";
		};
		3395E4CB21EDDC7E00DB14EF /* LaunchScreen.storyboard */ = {
			isa = PBXVariantGroup;
			children = (
				3395E4CC21EDDC7E00DB14EF /* Base */,
			);
			name = LaunchScreen.storyboard;
			sourceTree = "<group>";
		};
/* End PBXVariantGroup section */

/* Begin XCBuildConfiguration section */
		3395E4CF21EDDC7E00DB14EF /* Debug */ = {
			isa = XCBuildConfiguration;
			buildSettings = {
				ALWAYS_SEARCH_USER_PATHS = NO;
				CLANG_ANALYZER_NONNULL = YES;
				CLANG_ANALYZER_NUMBER_OBJECT_CONVERSION = YES_AGGRESSIVE;
				CLANG_CXX_LANGUAGE_STANDARD = "gnu++14";
				CLANG_CXX_LIBRARY = "libc++";
				CLANG_ENABLE_MODULES = YES;
				CLANG_ENABLE_OBJC_ARC = YES;
				CLANG_ENABLE_OBJC_WEAK = YES;
				CLANG_WARN_BLOCK_CAPTURE_AUTORELEASING = YES;
				CLANG_WARN_BOOL_CONVERSION = YES;
				CLANG_WARN_COMMA = YES;
				CLANG_WARN_CONSTANT_CONVERSION = YES;
				CLANG_WARN_DEPRECATED_OBJC_IMPLEMENTATIONS = YES;
				CLANG_WARN_DIRECT_OBJC_ISA_USAGE = YES_ERROR;
				CLANG_WARN_DOCUMENTATION_COMMENTS = YES;
				CLANG_WARN_EMPTY_BODY = YES;
				CLANG_WARN_ENUM_CONVERSION = YES;
				CLANG_WARN_INFINITE_RECURSION = YES;
				CLANG_WARN_INT_CONVERSION = YES;
				CLANG_WARN_NON_LITERAL_NULL_CONVERSION = YES;
				CLANG_WARN_OBJC_IMPLICIT_RETAIN_SELF = YES;
				CLANG_WARN_OBJC_LITERAL_CONVERSION = YES;
				CLANG_WARN_OBJC_ROOT_CLASS = YES_ERROR;
				CLANG_WARN_RANGE_LOOP_ANALYSIS = YES;
				CLANG_WARN_STRICT_PROTOTYPES = YES;
				CLANG_WARN_SUSPICIOUS_MOVE = YES;
				CLANG_WARN_UNGUARDED_AVAILABILITY = YES_AGGRESSIVE;
				CLANG_WARN_UNREACHABLE_CODE = YES;
				CLANG_WARN__DUPLICATE_METHOD_MATCH = YES;
				CODE_SIGN_IDENTITY = "iPhone Developer";
				COPY_PHASE_STRIP = NO;
				DEBUG_INFORMATION_FORMAT = dwarf;
				ENABLE_STRICT_OBJC_MSGSEND = YES;
				ENABLE_TESTABILITY = YES;
				GCC_C_LANGUAGE_STANDARD = gnu11;
				GCC_DYNAMIC_NO_PIC = NO;
				GCC_NO_COMMON_BLOCKS = YES;
				GCC_OPTIMIZATION_LEVEL = 0;
				GCC_PREPROCESSOR_DEFINITIONS = (
					"DEBUG=1",
					"$(inherited)",
				);
				GCC_WARN_64_TO_32_BIT_CONVERSION = YES;
				GCC_WARN_ABOUT_RETURN_TYPE = YES_ERROR;
				GCC_WARN_UNDECLARED_SELECTOR = YES;
				GCC_WARN_UNINITIALIZED_AUTOS = YES_AGGRESSIVE;
				GCC_WARN_UNUSED_FUNCTION = YES;
				GCC_WARN_UNUSED_VARIABLE = YES;
				IPHONEOS_DEPLOYMENT_TARGET = 12.0;
				MTL_ENABLE_DEBUG_INFO = INCLUDE_SOURCE;
				MTL_FAST_MATH = YES;
				ONLY_ACTIVE_ARCH = YES;
				SDKROOT = iphoneos;
				SWIFT_ACTIVE_COMPILATION_CONDITIONS = DEBUG;
				SWIFT_OPTIMIZATION_LEVEL = "-Onone";
			};
			name = Debug;
		};
		3395E4D021EDDC7E00DB14EF /* Release */ = {
			isa = XCBuildConfiguration;
			buildSettings = {
				ALWAYS_SEARCH_USER_PATHS = NO;
				CLANG_ANALYZER_NONNULL = YES;
				CLANG_ANALYZER_NUMBER_OBJECT_CONVERSION = YES_AGGRESSIVE;
				CLANG_CXX_LANGUAGE_STANDARD = "gnu++14";
				CLANG_CXX_LIBRARY = "libc++";
				CLANG_ENABLE_MODULES = YES;
				CLANG_ENABLE_OBJC_ARC = YES;
				CLANG_ENABLE_OBJC_WEAK = YES;
				CLANG_WARN_BLOCK_CAPTURE_AUTORELEASING = YES;
				CLANG_WARN_BOOL_CONVERSION = YES;
				CLANG_WARN_COMMA = YES;
				CLANG_WARN_CONSTANT_CONVERSION = YES;
				CLANG_WARN_DEPRECATED_OBJC_IMPLEMENTATIONS = YES;
				CLANG_WARN_DIRECT_OBJC_ISA_USAGE = YES_ERROR;
				CLANG_WARN_DOCUMENTATION_COMMENTS = YES;
				CLANG_WARN_EMPTY_BODY = YES;
				CLANG_WARN_ENUM_CONVERSION = YES;
				CLANG_WARN_INFINITE_RECURSION = YES;
				CLANG_WARN_INT_CONVERSION = YES;
				CLANG_WARN_NON_LITERAL_NULL_CONVERSION = YES;
				CLANG_WARN_OBJC_IMPLICIT_RETAIN_SELF = YES;
				CLANG_WARN_OBJC_LITERAL_CONVERSION = YES;
				CLANG_WARN_OBJC_ROOT_CLASS = YES_ERROR;
				CLANG_WARN_RANGE_LOOP_ANALYSIS = YES;
				CLANG_WARN_STRICT_PROTOTYPES = YES;
				CLANG_WARN_SUSPICIOUS_MOVE = YES;
				CLANG_WARN_UNGUARDED_AVAILABILITY = YES_AGGRESSIVE;
				CLANG_WARN_UNREACHABLE_CODE = YES;
				CLANG_WARN__DUPLICATE_METHOD_MATCH = YES;
				CODE_SIGN_IDENTITY = "iPhone Developer";
				COPY_PHASE_STRIP = NO;
				DEBUG_INFORMATION_FORMAT = "dwarf-with-dsym";
				ENABLE_NS_ASSERTIONS = NO;
				ENABLE_STRICT_OBJC_MSGSEND = YES;
				GCC_C_LANGUAGE_STANDARD = gnu11;
				GCC_NO_COMMON_BLOCKS = YES;
				GCC_WARN_64_TO_32_BIT_CONVERSION = YES;
				GCC_WARN_ABOUT_RETURN_TYPE = YES_ERROR;
				GCC_WARN_UNDECLARED_SELECTOR = YES;
				GCC_WARN_UNINITIALIZED_AUTOS = YES_AGGRESSIVE;
				GCC_WARN_UNUSED_FUNCTION = YES;
				GCC_WARN_UNUSED_VARIABLE = YES;
				IPHONEOS_DEPLOYMENT_TARGET = 12.0;
				MTL_ENABLE_DEBUG_INFO = NO;
				MTL_FAST_MATH = YES;
				SDKROOT = iphoneos;
				SWIFT_COMPILATION_MODE = wholemodule;
				SWIFT_OPTIMIZATION_LEVEL = "-O";
				VALIDATE_PRODUCT = YES;
			};
			name = Release;
		};
		3395E4D221EDDC7E00DB14EF /* Debug */ = {
			isa = XCBuildConfiguration;
			buildSettings = {
				ASSETCATALOG_COMPILER_APPICON_NAME = AppIcon;
				CODE_SIGN_STYLE = Automatic;
				DEVELOPMENT_TEAM = 73SMSGZXYY;
				INFOPLIST_FILE = HelloLayout/Info.plist;
				LD_RUNPATH_SEARCH_PATHS = (
					"$(inherited)",
					"@executable_path/Frameworks",
				);
				PRODUCT_BUNDLE_IDENTIFIER = co.id.langitbiruarjuna.HelloLayout;
				PRODUCT_NAME = "$(TARGET_NAME)";
				SWIFT_VERSION = 4.2;
				TARGETED_DEVICE_FAMILY = "1,2";
			};
			name = Debug;
		};
		3395E4D321EDDC7E00DB14EF /* Release */ = {
			isa = XCBuildConfiguration;
			buildSettings = {
				ASSETCATALOG_COMPILER_APPICON_NAME = AppIcon;
				CODE_SIGN_STYLE = Automatic;
				DEVELOPMENT_TEAM = 73SMSGZXYY;
				INFOPLIST_FILE = HelloLayout/Info.plist;
				LD_RUNPATH_SEARCH_PATHS = (
					"$(inherited)",
					"@executable_path/Frameworks",
				);
				PRODUCT_BUNDLE_IDENTIFIER = co.id.langitbiruarjuna.HelloLayout;
				PRODUCT_NAME = "$(TARGET_NAME)";
				SWIFT_VERSION = 4.2;
				TARGETED_DEVICE_FAMILY = "1,2";
			};
			name = Release;
		};
/* End XCBuildConfiguration section */

/* Begin XCConfigurationList section */
		3395E4BA21EDDC7700DB14EF /* Build configuration list for PBXProject "HelloLayout" */ = {
			isa = XCConfigurationList;
			buildConfigurations = (
				3395E4CF21EDDC7E00DB14EF /* Debug */,
				3395E4D021EDDC7E00DB14EF /* Release */,
			);
			defaultConfigurationIsVisible = 0;
			defaultConfigurationName = Release;
		};
		3395E4D121EDDC7E00DB14EF /* Build configuration list for PBXNativeTarget "HelloLayout" */ = {
			isa = XCConfigurationList;
			buildConfigurations = (
				3395E4D221EDDC7E00DB14EF /* Debug */,
				3395E4D321EDDC7E00DB14EF /* Release */,
			);
			defaultConfigurationIsVisible = 0;
			defaultConfigurationName = Release;
		};
/* End XCConfigurationList section */
	};
	rootObject = 3395E4B721EDDC7700DB14EF /* Project object */;
}
