// !$*UTF8*$!
{
	archiveVersion = 1;
	classes = {
	};
	objectVersion = 50;
	objects = {

/* Begin PBXBuildFile section */
		DC62A0122326441B007A707A /* AppDelegate.swift in Sources */ = {isa = PBXBuildFile; fileRef = DC62A0112326441B007A707A /* AppDelegate.swift */; };
		DC62A0142326441B007A707A /* ViewController.swift in Sources */ = {isa = PBXBuildFile; fileRef = DC62A0132326441B007A707A /* ViewController.swift */; };
		DC62A0172326441B007A707A /* Main.storyboard in Resources */ = {isa = PBXBuildFile; fileRef = DC62A0152326441B007A707A /* Main.storyboard */; };
		DC62A0192326441F007A707A /* Assets.xcassets in Resources */ = {isa = PBXBuildFile; fileRef = DC62A0182326441F007A707A /* Assets.xcassets */; };
		DC62A01C2326441F007A707A /* LaunchScreen.storyboard in Resources */ = {isa = PBXBuildFile; fileRef = DC62A01A2326441F007A707A /* LaunchScreen.storyboard */; };
		DC62A02723278458007A707A /* Localizable.strings in Resources */ = {isa = PBXBuildFile; fileRef = DC62A02523278458007A707A /* Localizable.strings */; };
		DC62A02B232792B3007A707A /* MedicalLocalizable.strings in Resources */ = {isa = PBXBuildFile; fileRef = DC62A029232792B3007A707A /* MedicalLocalizable.strings */; };
		DC62A02F2328EF4A007A707A /* Localizable.stringsdict in Resources */ = {isa = PBXBuildFile; fileRef = DC62A02D2328EF4A007A707A /* Localizable.stringsdict */; };
		DC62A033232A2469007A707A /* tree.jpg in Resources */ = {isa = PBXBuildFile; fileRef = DC62A035232A2469007A707A /* tree.jpg */; };
/* End PBXBuildFile section */

/* Begin PBXFileReference section */
		DC62A00E2326441B007A707A /* HelloInternationalization1.app */ = {isa = PBXFileReference; explicitFileType = wrapper.application; includeInIndex = 0; path = HelloInternationalization1.app; sourceTree = BUILT_PRODUCTS_DIR; };
		DC62A0112326441B007A707A /* AppDelegate.swift */ = {isa = PBXFileReference; lastKnownFileType = sourcecode.swift; path = AppDelegate.swift; sourceTree = "<group>"; };
		DC62A0132326441B007A707A /* ViewController.swift */ = {isa = PBXFileReference; lastKnownFileType = sourcecode.swift; path = ViewController.swift; sourceTree = "<group>"; };
		DC62A0162326441B007A707A /* Base */ = {isa = PBXFileReference; lastKnownFileType = file.storyboard; name = Base; path = Base.lproj/Main.storyboard; sourceTree = "<group>"; };
		DC62A0182326441F007A707A /* Assets.xcassets */ = {isa = PBXFileReference; lastKnownFileType = folder.assetcatalog; path = Assets.xcassets; sourceTree = "<group>"; };
		DC62A01B2326441F007A707A /* Base */ = {isa = PBXFileReference; lastKnownFileType = file.storyboard; name = Base; path = Base.lproj/LaunchScreen.storyboard; sourceTree = "<group>"; };
		DC62A01D2326441F007A707A /* Info.plist */ = {isa = PBXFileReference; lastKnownFileType = text.plist.xml; path = Info.plist; sourceTree = "<group>"; };
		DC62A02323264A79007A707A /* id */ = {isa = PBXFileReference; lastKnownFileType = text.plist.strings; name = id; path = id.lproj/Main.strings; sourceTree = "<group>"; };
		DC62A02423264A79007A707A /* id */ = {isa = PBXFileReference; lastKnownFileType = text.plist.strings; name = id; path = id.lproj/LaunchScreen.strings; sourceTree = "<group>"; };
		DC62A02623278458007A707A /* Base */ = {isa = PBXFileReference; lastKnownFileType = text.plist.strings; name = Base; path = HelloInternationalization1/Base.lproj/Localizable.strings; sourceTree = "<group>"; };
		DC62A028232784B6007A707A /* id */ = {isa = PBXFileReference; lastKnownFileType = text.plist.strings; name = id; path = HelloInternationalization1/id.lproj/Localizable.strings; sourceTree = "<group>"; };
		DC62A02A232792B3007A707A /* Base */ = {isa = PBXFileReference; lastKnownFileType = text.plist.strings; name = Base; path = HelloInternationalization1/Base.lproj/MedicalLocalizable.strings; sourceTree = "<group>"; };
		DC62A02C232792BC007A707A /* id */ = {isa = PBXFileReference; lastKnownFileType = text.plist.strings; name = id; path = HelloInternationalization1/id.lproj/MedicalLocalizable.strings; sourceTree = "<group>"; };
		DC62A02E2328EF4A007A707A /* Base */ = {isa = PBXFileReference; lastKnownFileType = text.plist.stringsdict; name = Base; path = HelloInternationalization1/Base.lproj/Localizable.stringsdict; sourceTree = "<group>"; };
		DC62A0302328EFDC007A707A /* id */ = {isa = PBXFileReference; lastKnownFileType = text.plist.stringsdict; name = id; path = HelloInternationalization1/id.lproj/Localizable.stringsdict; sourceTree = "<group>"; };
		DC62A034232A2469007A707A /* Base */ = {isa = PBXFileReference; lastKnownFileType = image.jpeg; name = Base; path = Base.lproj/tree.jpg; sourceTree = "<group>"; };
		DC62A036232A2490007A707A /* id */ = {isa = PBXFileReference; lastKnownFileType = image.jpeg; name = id; path = id.lproj/tree.jpg; sourceTree = "<group>"; };
/* End PBXFileReference section */

/* Begin PBXFrameworksBuildPhase section */
		DC62A00B2326441B007A707A /* Frameworks */ = {
			isa = PBXFrameworksBuildPhase;
			buildActionMask = 2147483647;
			files = (
			);
			runOnlyForDeploymentPostprocessing = 0;
		};
/* End PBXFrameworksBuildPhase section */

/* Begin PBXGroup section */
		DC62A0052326441B007A707A = {
			isa = PBXGroup;
			children = (
				DC62A02D2328EF4A007A707A /* Localizable.stringsdict */,
				DC62A029232792B3007A707A /* MedicalLocalizable.strings */,
				DC62A02523278458007A707A /* Localizable.strings */,
				DC62A0102326441B007A707A /* HelloInternationalization1 */,
				DC62A00F2326441B007A707A /* Products */,
			);
			sourceTree = "<group>";
		};
		DC62A00F2326441B007A707A /* Products */ = {
			isa = PBXGroup;
			children = (
				DC62A00E2326441B007A707A /* HelloInternationalization1.app */,
			);
			name = Products;
			sourceTree = "<group>";
		};
		DC62A0102326441B007A707A /* HelloInternationalization1 */ = {
			isa = PBXGroup;
			children = (
				DC62A035232A2469007A707A /* tree.jpg */,
				DC62A0112326441B007A707A /* AppDelegate.swift */,
				DC62A0132326441B007A707A /* ViewController.swift */,
				DC62A0152326441B007A707A /* Main.storyboard */,
				DC62A0182326441F007A707A /* Assets.xcassets */,
				DC62A01A2326441F007A707A /* LaunchScreen.storyboard */,
				DC62A01D2326441F007A707A /* Info.plist */,
			);
			path = HelloInternationalization1;
			sourceTree = "<group>";
		};
/* End PBXGroup section */

/* Begin PBXNativeTarget section */
		DC62A00D2326441B007A707A /* HelloInternationalization1 */ = {
			isa = PBXNativeTarget;
			buildConfigurationList = DC62A0202326441F007A707A /* Build configuration list for PBXNativeTarget "HelloInternationalization1" */;
			buildPhases = (
				DC62A00A2326441B007A707A /* Sources */,
				DC62A00B2326441B007A707A /* Frameworks */,
				DC62A00C2326441B007A707A /* Resources */,
			);
			buildRules = (
			);
			dependencies = (
			);
			name = HelloInternationalization1;
			productName = HelloInternationalization1;
			productReference = DC62A00E2326441B007A707A /* HelloInternationalization1.app */;
			productType = "com.apple.product-type.application";
		};
/* End PBXNativeTarget section */

/* Begin PBXProject section */
		DC62A0062326441B007A707A /* Project object */ = {
			isa = PBXProject;
			attributes = {
				LastSwiftUpdateCheck = 1030;
				LastUpgradeCheck = 1030;
				ORGANIZATIONNAME = "arjuna sky kok";
				TargetAttributes = {
					DC62A00D2326441B007A707A = {
						CreatedOnToolsVersion = 10.3;
					};
				};
			};
			buildConfigurationList = DC62A0092326441B007A707A /* Build configuration list for PBXProject "HelloInternationalization1" */;
			compatibilityVersion = "Xcode 9.3";
			developmentRegion = en;
			hasScannedForEncodings = 0;
			knownRegions = (
				en,
				Base,
				id,
			);
			mainGroup = DC62A0052326441B007A707A;
			productRefGroup = DC62A00F2326441B007A707A /* Products */;
			projectDirPath = "";
			projectRoot = "";
			targets = (
				DC62A00D2326441B007A707A /* HelloInternationalization1 */,
			);
		};
/* End PBXProject section */

/* Begin PBXResourcesBuildPhase section */
		DC62A00C2326441B007A707A /* Resources */ = {
			isa = PBXResourcesBuildPhase;
			buildActionMask = 2147483647;
			files = (
				DC62A01C2326441F007A707A /* LaunchScreen.storyboard in Resources */,
				DC62A02B232792B3007A707A /* MedicalLocalizable.strings in Resources */,
				DC62A02723278458007A707A /* Localizable.strings in Resources */,
				DC62A033232A2469007A707A /* tree.jpg in Resources */,
				DC62A0192326441F007A707A /* Assets.xcassets in Resources */,
				DC62A0172326441B007A707A /* Main.storyboard in Resources */,
				DC62A02F2328EF4A007A707A /* Localizable.stringsdict in Resources */,
			);
			runOnlyForDeploymentPostprocessing = 0;
		};
/* End PBXResourcesBuildPhase section */

/* Begin PBXSourcesBuildPhase section */
		DC62A00A2326441B007A707A /* Sources */ = {
			isa = PBXSourcesBuildPhase;
			buildActionMask = 2147483647;
			files = (
				DC62A0142326441B007A707A /* ViewController.swift in Sources */,
				DC62A0122326441B007A707A /* AppDelegate.swift in Sources */,
			);
			runOnlyForDeploymentPostprocessing = 0;
		};
/* End PBXSourcesBuildPhase section */

/* Begin PBXVariantGroup section */
		DC62A0152326441B007A707A /* Main.storyboard */ = {
			isa = PBXVariantGroup;
			children = (
				DC62A0162326441B007A707A /* Base */,
				DC62A02323264A79007A707A /* id */,
			);
			name = Main.storyboard;
			sourceTree = "<group>";
		};
		DC62A01A2326441F007A707A /* LaunchScreen.storyboard */ = {
			isa = PBXVariantGroup;
			children = (
				DC62A01B2326441F007A707A /* Base */,
				DC62A02423264A79007A707A /* id */,
			);
			name = LaunchScreen.storyboard;
			sourceTree = "<group>";
		};
		DC62A02523278458007A707A /* Localizable.strings */ = {
			isa = PBXVariantGroup;
			children = (
				DC62A02623278458007A707A /* Base */,
				DC62A028232784B6007A707A /* id */,
			);
			name = Localizable.strings;
			sourceTree = "<group>";
		};
		DC62A029232792B3007A707A /* MedicalLocalizable.strings */ = {
			isa = PBXVariantGroup;
			children = (
				DC62A02A232792B3007A707A /* Base */,
				DC62A02C232792BC007A707A /* id */,
			);
			name = MedicalLocalizable.strings;
			sourceTree = "<group>";
		};
		DC62A02D2328EF4A007A707A /* Localizable.stringsdict */ = {
			isa = PBXVariantGroup;
			children = (
				DC62A02E2328EF4A007A707A /* Base */,
				DC62A0302328EFDC007A707A /* id */,
			);
			name = Localizable.stringsdict;
			sourceTree = "<group>";
		};
		DC62A035232A2469007A707A /* tree.jpg */ = {
			isa = PBXVariantGroup;
			children = (
				DC62A034232A2469007A707A /* Base */,
				DC62A036232A2490007A707A /* id */,
			);
			name = tree.jpg;
			sourceTree = "<group>";
		};
/* End PBXVariantGroup section */

/* Begin XCBuildConfiguration section */
		DC62A01E2326441F007A707A /* Debug */ = {
			isa = XCBuildConfiguration;
			buildSettings = {
				ALWAYS_SEARCH_USER_PATHS = NO;
				CLANG_ANALYZER_LOCALIZABILITY_NONLOCALIZED = YES;
				CLANG_ANALYZER_NONNULL = YES;
				CLANG_ANALYZER_NUMBER_OBJECT_CONVERSION = YES_AGGRESSIVE;
				CLANG_CXX_LANGUAGE_STANDARD = "gnu++14";
				CLANG_CXX_LIBRARY = "libc++";
				CLANG_ENABLE_MODULES = YES;
				CLANG_ENABLE_OBJC_ARC = YES;
				CLANG_ENABLE_OBJC_WEAK = YES;
				CLANG_WARN_BLOCK_CAPTURE_AUTORELEASING = YES;
				CLANG_WARN_BOOL_CONVERSION = YES;
				CLANG_WARN_COMMA = YES;
				CLANG_WARN_CONSTANT_CONVERSION = YES;
				CLANG_WARN_DEPRECATED_OBJC_IMPLEMENTATIONS = YES;
				CLANG_WARN_DIRECT_OBJC_ISA_USAGE = YES_ERROR;
				CLANG_WARN_DOCUMENTATION_COMMENTS = YES;
				CLANG_WARN_EMPTY_BODY = YES;
				CLANG_WARN_ENUM_CONVERSION = YES;
				CLANG_WARN_INFINITE_RECURSION = YES;
				CLANG_WARN_INT_CONVERSION = YES;
				CLANG_WARN_NON_LITERAL_NULL_CONVERSION = YES;
				CLANG_WARN_OBJC_IMPLICIT_RETAIN_SELF = YES;
				CLANG_WARN_OBJC_LITERAL_CONVERSION = YES;
				CLANG_WARN_OBJC_ROOT_CLASS = YES_ERROR;
				CLANG_WARN_RANGE_LOOP_ANALYSIS = YES;
				CLANG_WARN_STRICT_PROTOTYPES = YES;
				CLANG_WARN_SUSPICIOUS_MOVE = YES;
				CLANG_WARN_UNGUARDED_AVAILABILITY = YES_AGGRESSIVE;
				CLANG_WARN_UNREACHABLE_CODE = YES;
				CLANG_WARN__DUPLICATE_METHOD_MATCH = YES;
				CODE_SIGN_IDENTITY = "iPhone Developer";
				COPY_PHASE_STRIP = NO;
				DEBUG_INFORMATION_FORMAT = dwarf;
				ENABLE_STRICT_OBJC_MSGSEND = YES;
				ENABLE_TESTABILITY = YES;
				GCC_C_LANGUAGE_STANDARD = gnu11;
				GCC_DYNAMIC_NO_PIC = NO;
				GCC_NO_COMMON_BLOCKS = YES;
				GCC_OPTIMIZATION_LEVEL = 0;
				GCC_PREPROCESSOR_DEFINITIONS = (
					"DEBUG=1",
					"$(inherited)",
				);
				GCC_WARN_64_TO_32_BIT_CONVERSION = YES;
				GCC_WARN_ABOUT_RETURN_TYPE = YES_ERROR;
				GCC_WARN_UNDECLARED_SELECTOR = YES;
				GCC_WARN_UNINITIALIZED_AUTOS = YES_AGGRESSIVE;
				GCC_WARN_UNUSED_FUNCTION = YES;
				GCC_WARN_UNUSED_VARIABLE = YES;
				IPHONEOS_DEPLOYMENT_TARGET = 12.4;
				MTL_ENABLE_DEBUG_INFO = INCLUDE_SOURCE;
				MTL_FAST_MATH = YES;
				ONLY_ACTIVE_ARCH = YES;
				SDKROOT = iphoneos;
				SWIFT_ACTIVE_COMPILATION_CONDITIONS = DEBUG;
				SWIFT_OPTIMIZATION_LEVEL = "-Onone";
			};
			name = Debug;
		};
		DC62A01F2326441F007A707A /* Release */ = {
			isa = XCBuildConfiguration;
			buildSettings = {
				ALWAYS_SEARCH_USER_PATHS = NO;
				CLANG_ANALYZER_LOCALIZABILITY_NONLOCALIZED = YES;
				CLANG_ANALYZER_NONNULL = YES;
				CLANG_ANALYZER_NUMBER_OBJECT_CONVERSION = YES_AGGRESSIVE;
				CLANG_CXX_LANGUAGE_STANDARD = "gnu++14";
				CLANG_CXX_LIBRARY = "libc++";
				CLANG_ENABLE_MODULES = YES;
				CLANG_ENABLE_OBJC_ARC = YES;
				CLANG_ENABLE_OBJC_WEAK = YES;
				CLANG_WARN_BLOCK_CAPTURE_AUTORELEASING = YES;
				CLANG_WARN_BOOL_CONVERSION = YES;
				CLANG_WARN_COMMA = YES;
				CLANG_WARN_CONSTANT_CONVERSION = YES;
				CLANG_WARN_DEPRECATED_OBJC_IMPLEMENTATIONS = YES;
				CLANG_WARN_DIRECT_OBJC_ISA_USAGE = YES_ERROR;
				CLANG_WARN_DOCUMENTATION_COMMENTS = YES;
				CLANG_WARN_EMPTY_BODY = YES;
				CLANG_WARN_ENUM_CONVERSION = YES;
				CLANG_WARN_INFINITE_RECURSION = YES;
				CLANG_WARN_INT_CONVERSION = YES;
				CLANG_WARN_NON_LITERAL_NULL_CONVERSION = YES;
				CLANG_WARN_OBJC_IMPLICIT_RETAIN_SELF = YES;
				CLANG_WARN_OBJC_LITERAL_CONVERSION = YES;
				CLANG_WARN_OBJC_ROOT_CLASS = YES_ERROR;
				CLANG_WARN_RANGE_LOOP_ANALYSIS = YES;
				CLANG_WARN_STRICT_PROTOTYPES = YES;
				CLANG_WARN_SUSPICIOUS_MOVE = YES;
				CLANG_WARN_UNGUARDED_AVAILABILITY = YES_AGGRESSIVE;
				CLANG_WARN_UNREACHABLE_CODE = YES;
				CLANG_WARN__DUPLICATE_METHOD_MATCH = YES;
				CODE_SIGN_IDENTITY = "iPhone Developer";
				COPY_PHASE_STRIP = NO;
				DEBUG_INFORMATION_FORMAT = "dwarf-with-dsym";
				ENABLE_NS_ASSERTIONS = NO;
				ENABLE_STRICT_OBJC_MSGSEND = YES;
				GCC_C_LANGUAGE_STANDARD = gnu11;
				GCC_NO_COMMON_BLOCKS = YES;
				GCC_WARN_64_TO_32_BIT_CONVERSION = YES;
				GCC_WARN_ABOUT_RETURN_TYPE = YES_ERROR;
				GCC_WARN_UNDECLARED_SELECTOR = YES;
				GCC_WARN_UNINITIALIZED_AUTOS = YES_AGGRESSIVE;
				GCC_WARN_UNUSED_FUNCTION = YES;
				GCC_WARN_UNUSED_VARIABLE = YES;
				IPHONEOS_DEPLOYMENT_TARGET = 12.4;
				MTL_ENABLE_DEBUG_INFO = NO;
				MTL_FAST_MATH = YES;
				SDKROOT = iphoneos;
				SWIFT_COMPILATION_MODE = wholemodule;
				SWIFT_OPTIMIZATION_LEVEL = "-O";
				VALIDATE_PRODUCT = YES;
			};
			name = Release;
		};
		DC62A0212326441F007A707A /* Debug */ = {
			isa = XCBuildConfiguration;
			buildSettings = {
				ASSETCATALOG_COMPILER_APPICON_NAME = AppIcon;
				CODE_SIGN_STYLE = Automatic;
				DEVELOPMENT_TEAM = ZZMDCZQ4XK;
				INFOPLIST_FILE = HelloInternationalization1/Info.plist;
				LD_RUNPATH_SEARCH_PATHS = (
					"$(inherited)",
					"@executable_path/Frameworks",
				);
				PRODUCT_BUNDLE_IDENTIFIER = IceHouse.HelloInternationalization1;
				PRODUCT_NAME = "$(TARGET_NAME)";
				SWIFT_VERSION = 5.0;
				TARGETED_DEVICE_FAMILY = "1,2";
			};
			name = Debug;
		};
		DC62A0222326441F007A707A /* Release */ = {
			isa = XCBuildConfiguration;
			buildSettings = {
				ASSETCATALOG_COMPILER_APPICON_NAME = AppIcon;
				CODE_SIGN_STYLE = Automatic;
				DEVELOPMENT_TEAM = ZZMDCZQ4XK;
				INFOPLIST_FILE = HelloInternationalization1/Info.plist;
				LD_RUNPATH_SEARCH_PATHS = (
					"$(inherited)",
					"@executable_path/Frameworks",
				);
				PRODUCT_BUNDLE_IDENTIFIER = IceHouse.HelloInternationalization1;
				PRODUCT_NAME = "$(TARGET_NAME)";
				SWIFT_VERSION = 5.0;
				TARGETED_DEVICE_FAMILY = "1,2";
			};
			name = Release;
		};
/* End XCBuildConfiguration section */

/* Begin XCConfigurationList section */
		DC62A0092326441B007A707A /* Build configuration list for PBXProject "HelloInternationalization1" */ = {
			isa = XCConfigurationList;
			buildConfigurations = (
				DC62A01E2326441F007A707A /* Debug */,
				DC62A01F2326441F007A707A /* Release */,
			);
			defaultConfigurationIsVisible = 0;
			defaultConfigurationName = Release;
		};
		DC62A0202326441F007A707A /* Build configuration list for PBXNativeTarget "HelloInternationalization1" */ = {
			isa = XCConfigurationList;
			buildConfigurations = (
				DC62A0212326441F007A707A /* Debug */,
				DC62A0222326441F007A707A /* Release */,
			);
			defaultConfigurationIsVisible = 0;
			defaultConfigurationName = Release;
		};
/* End XCConfigurationList section */
	};
	rootObject = DC62A0062326441B007A707A /* Project object */;
}
